// !$*UTF8*$!
{
	archiveVersion = 1;
	classes = {
	};
	objectVersion = 46;
	objects = {

/* Begin PBXBuildFile section */
		110EB7EB1D8C2DD10098440C /* VideoCreator.swift in Sources */ = {isa = PBXBuildFile; fileRef = 110EB7EA1D8C2DD10098440C /* VideoCreator.swift */; };
		110EB7ED1D8D127E0098440C /* CoreImageView.swift in Sources */ = {isa = PBXBuildFile; fileRef = 110EB7EC1D8D127E0098440C /* CoreImageView.swift */; };
		110EB7EF1D8D12A90098440C /* GLKit.framework in Frameworks */ = {isa = PBXBuildFile; fileRef = 110EB7EE1D8D12A90098440C /* GLKit.framework */; };
		110EB7F11D8D160A0098440C /* VideoBufferHandler.swift in Sources */ = {isa = PBXBuildFile; fileRef = 110EB7F01D8D160A0098440C /* VideoBufferHandler.swift */; };
		112C2C0D1DE2D61200AFA87C /* FilterRenderer.swift in Sources */ = {isa = PBXBuildFile; fileRef = 112C2C0C1DE2D61200AFA87C /* FilterRenderer.swift */; };
		112F85DD1D7721F7007C8298 /* VideoPreviewViewController.swift in Sources */ = {isa = PBXBuildFile; fileRef = 112F85DC1D7721F7007C8298 /* VideoPreviewViewController.swift */; };
		112F85DF1D772204007C8298 /* VideoPreviewViewModel.swift in Sources */ = {isa = PBXBuildFile; fileRef = 112F85DE1D772204007C8298 /* VideoPreviewViewModel.swift */; };
		112F85E11D7723CC007C8298 /* PermissionManager.swift in Sources */ = {isa = PBXBuildFile; fileRef = 112F85E01D7723CC007C8298 /* PermissionManager.swift */; };
		112F85E31D7737CF007C8298 /* SettingsViewController.swift in Sources */ = {isa = PBXBuildFile; fileRef = 112F85E21D7737CF007C8298 /* SettingsViewController.swift */; };
		112F85E51D7737FE007C8298 /* SettingsTableViewCell.swift in Sources */ = {isa = PBXBuildFile; fileRef = 112F85E41D7737FE007C8298 /* SettingsTableViewCell.swift */; };
		112F85E71D7738A0007C8298 /* SettingsViewModel.swift in Sources */ = {isa = PBXBuildFile; fileRef = 112F85E61D7738A0007C8298 /* SettingsViewModel.swift */; };
		113BF9041D75CE6D00F0475B /* AppDelegate.swift in Sources */ = {isa = PBXBuildFile; fileRef = 113BF9031D75CE6D00F0475B /* AppDelegate.swift */; };
		113BF9061D75CE6D00F0475B /* CameraCaptureViewController.swift in Sources */ = {isa = PBXBuildFile; fileRef = 113BF9051D75CE6D00F0475B /* CameraCaptureViewController.swift */; };
		113BF9091D75CE6D00F0475B /* Main.storyboard in Resources */ = {isa = PBXBuildFile; fileRef = 113BF9071D75CE6D00F0475B /* Main.storyboard */; };
		113BF90B1D75CE6D00F0475B /* Assets.xcassets in Resources */ = {isa = PBXBuildFile; fileRef = 113BF90A1D75CE6D00F0475B /* Assets.xcassets */; };
		113BF90E1D75CE6D00F0475B /* LaunchScreen.storyboard in Resources */ = {isa = PBXBuildFile; fileRef = 113BF90C1D75CE6D00F0475B /* LaunchScreen.storyboard */; };
		113BF9161D75CE8100F0475B /* AVFoundation.framework in Frameworks */ = {isa = PBXBuildFile; fileRef = 113BF9151D75CE8100F0475B /* AVFoundation.framework */; };
		113BF9181D76AAFF00F0475B /* CaptureSessionVC.swift in Sources */ = {isa = PBXBuildFile; fileRef = 113BF9171D76AAFF00F0475B /* CaptureSessionVC.swift */; };
		113BF91C1D76B0EC00F0475B /* CameraCaptureViewModel.swift in Sources */ = {isa = PBXBuildFile; fileRef = 113BF91B1D76B0EC00F0475B /* CameraCaptureViewModel.swift */; };
		113BF91E1D76E4EA00F0475B /* SBMediaAlbumsVC.swift in Sources */ = {isa = PBXBuildFile; fileRef = 113BF91D1D76E4EA00F0475B /* SBMediaAlbumsVC.swift */; };
		113BF9211D7701CF00F0475B /* FilterCollectionViewCell.swift in Sources */ = {isa = PBXBuildFile; fileRef = 113BF9201D7701CF00F0475B /* FilterCollectionViewCell.swift */; };
		113BF9251D77047900F0475B /* GaleryCollectionViewController.swift in Sources */ = {isa = PBXBuildFile; fileRef = 113BF9241D77047900F0475B /* GaleryCollectionViewController.swift */; };
		113BF9271D7704EF00F0475B /* GaleryCollectionViewCell.swift in Sources */ = {isa = PBXBuildFile; fileRef = 113BF9261D7704EF00F0475B /* GaleryCollectionViewCell.swift */; };
		113BF9291D7706D800F0475B /* GaleryCollectionViewModel.swift in Sources */ = {isa = PBXBuildFile; fileRef = 113BF9281D7706D800F0475B /* GaleryCollectionViewModel.swift */; };
		1150B9131D94264E00320E2B /* FilterPipeline.swift in Sources */ = {isa = PBXBuildFile; fileRef = 1150B9121D94264E00320E2B /* FilterPipeline.swift */; };
		119306411D86B61100EFFA7F /* Filters.swift in Sources */ = {isa = PBXBuildFile; fileRef = 119306401D86B61100EFFA7F /* Filters.swift */; };
		11948D421DE36C2200394E99 /* VideoRecorder.swift in Sources */ = {isa = PBXBuildFile; fileRef = 11948D411DE36C2200394E99 /* VideoRecorder.swift */; };
		11B043E71D780C3700C2FCE0 /* FilterViewController.swift in Sources */ = {isa = PBXBuildFile; fileRef = 11B043E61D780C3700C2FCE0 /* FilterViewController.swift */; };
		11B043E91D78148E00C2FCE0 /* PreviewVideoViewController.swift in Sources */ = {isa = PBXBuildFile; fileRef = 11B043E81D78148E00C2FCE0 /* PreviewVideoViewController.swift */; };
		11B043EB1D782EB700C2FCE0 /* HomeTableViewCell.swift in Sources */ = {isa = PBXBuildFile; fileRef = 11B043EA1D782EB700C2FCE0 /* HomeTableViewCell.swift */; };
		11B043ED1D782EE800C2FCE0 /* HomeViewController.swift in Sources */ = {isa = PBXBuildFile; fileRef = 11B043EC1D782EE800C2FCE0 /* HomeViewController.swift */; };
		11B043EF1D782EF700C2FCE0 /* HomeViewModel.swift in Sources */ = {isa = PBXBuildFile; fileRef = 11B043EE1D782EF700C2FCE0 /* HomeViewModel.swift */; };
		11B043F11D782F0400C2FCE0 /* PreviewViewModel.swift in Sources */ = {isa = PBXBuildFile; fileRef = 11B043F01D782F0400C2FCE0 /* PreviewViewModel.swift */; };
		11B043F31D783AE600C2FCE0 /* Async.swift in Sources */ = {isa = PBXBuildFile; fileRef = 11B043F21D783AE600C2FCE0 /* Async.swift */; };
		11E85ED71DEEFEF000712476 /* CustomCIFilters.swift in Sources */ = {isa = PBXBuildFile; fileRef = 11E85ED61DEEFEF000712476 /* CustomCIFilters.swift */; };
		11E85EDA1DEFFC6C00712476 /* CoreMedia.framework in Frameworks */ = {isa = PBXBuildFile; fileRef = 11E85ED91DEFFC6C00712476 /* CoreMedia.framework */; };
		11E85EDC1DEFFC7200712476 /* CoreVideo.framework in Frameworks */ = {isa = PBXBuildFile; fileRef = 11E85EDB1DEFFC7200712476 /* CoreVideo.framework */; };
		11E85EDE1DEFFC8400712476 /* CoreMotion.framework in Frameworks */ = {isa = PBXBuildFile; fileRef = 11E85EDD1DEFFC8400712476 /* CoreMotion.framework */; };
		11E85EE01DEFFC8B00712476 /* CoreGraphics.framework in Frameworks */ = {isa = PBXBuildFile; fileRef = 11E85EDF1DEFFC8B00712476 /* CoreGraphics.framework */; };
		11E85EE21DEFFCA100712476 /* OpenGLES.framework in Frameworks */ = {isa = PBXBuildFile; fileRef = 11E85EE11DEFFCA100712476 /* OpenGLES.framework */; };
/* End PBXBuildFile section */

/* Begin PBXFileReference section */
		110EB7EA1D8C2DD10098440C /* VideoCreator.swift */ = {isa = PBXFileReference; fileEncoding = 4; lastKnownFileType = sourcecode.swift; path = VideoCreator.swift; sourceTree = "<group>"; };
		110EB7EC1D8D127E0098440C /* CoreImageView.swift */ = {isa = PBXFileReference; fileEncoding = 4; lastKnownFileType = sourcecode.swift; path = CoreImageView.swift; sourceTree = "<group>"; };
		110EB7EE1D8D12A90098440C /* GLKit.framework */ = {isa = PBXFileReference; lastKnownFileType = wrapper.framework; name = GLKit.framework; path = System/Library/Frameworks/GLKit.framework; sourceTree = SDKROOT; };
		110EB7F01D8D160A0098440C /* VideoBufferHandler.swift */ = {isa = PBXFileReference; fileEncoding = 4; lastKnownFileType = sourcecode.swift; path = VideoBufferHandler.swift; sourceTree = "<group>"; };
		112C2C0C1DE2D61200AFA87C /* FilterRenderer.swift */ = {isa = PBXFileReference; fileEncoding = 4; lastKnownFileType = sourcecode.swift; path = FilterRenderer.swift; sourceTree = "<group>"; };
		112F85DC1D7721F7007C8298 /* VideoPreviewViewController.swift */ = {isa = PBXFileReference; fileEncoding = 4; lastKnownFileType = sourcecode.swift; path = VideoPreviewViewController.swift; sourceTree = "<group>"; };
		112F85DE1D772204007C8298 /* VideoPreviewViewModel.swift */ = {isa = PBXFileReference; fileEncoding = 4; lastKnownFileType = sourcecode.swift; path = VideoPreviewViewModel.swift; sourceTree = "<group>"; };
		112F85E01D7723CC007C8298 /* PermissionManager.swift */ = {isa = PBXFileReference; fileEncoding = 4; lastKnownFileType = sourcecode.swift; path = PermissionManager.swift; sourceTree = "<group>"; };
		112F85E21D7737CF007C8298 /* SettingsViewController.swift */ = {isa = PBXFileReference; fileEncoding = 4; lastKnownFileType = sourcecode.swift; path = SettingsViewController.swift; sourceTree = "<group>"; };
		112F85E41D7737FE007C8298 /* SettingsTableViewCell.swift */ = {isa = PBXFileReference; fileEncoding = 4; lastKnownFileType = sourcecode.swift; path = SettingsTableViewCell.swift; sourceTree = "<group>"; };
		112F85E61D7738A0007C8298 /* SettingsViewModel.swift */ = {isa = PBXFileReference; fileEncoding = 4; lastKnownFileType = sourcecode.swift; path = SettingsViewModel.swift; sourceTree = "<group>"; };
		113BF9001D75CE6D00F0475B /* FilterCam.app */ = {isa = PBXFileReference; explicitFileType = wrapper.application; includeInIndex = 0; path = FilterCam.app; sourceTree = BUILT_PRODUCTS_DIR; };
		113BF9031D75CE6D00F0475B /* AppDelegate.swift */ = {isa = PBXFileReference; lastKnownFileType = sourcecode.swift; path = AppDelegate.swift; sourceTree = "<group>"; };
		113BF9051D75CE6D00F0475B /* CameraCaptureViewController.swift */ = {isa = PBXFileReference; lastKnownFileType = sourcecode.swift; name = CameraCaptureViewController.swift; path = ../CameraCaptureViewController.swift; sourceTree = "<group>"; };
		113BF9081D75CE6D00F0475B /* Base */ = {isa = PBXFileReference; lastKnownFileType = file.storyboard; name = Base; path = Base.lproj/Main.storyboard; sourceTree = "<group>"; };
		113BF90A1D75CE6D00F0475B /* Assets.xcassets */ = {isa = PBXFileReference; lastKnownFileType = folder.assetcatalog; path = Assets.xcassets; sourceTree = "<group>"; };
		113BF90D1D75CE6D00F0475B /* Base */ = {isa = PBXFileReference; lastKnownFileType = file.storyboard; name = Base; path = Base.lproj/LaunchScreen.storyboard; sourceTree = "<group>"; };
		113BF90F1D75CE6D00F0475B /* Info.plist */ = {isa = PBXFileReference; lastKnownFileType = text.plist.xml; path = Info.plist; sourceTree = "<group>"; };
		113BF9151D75CE8100F0475B /* AVFoundation.framework */ = {isa = PBXFileReference; lastKnownFileType = wrapper.framework; name = AVFoundation.framework; path = System/Library/Frameworks/AVFoundation.framework; sourceTree = SDKROOT; };
		113BF9171D76AAFF00F0475B /* CaptureSessionVC.swift */ = {isa = PBXFileReference; fileEncoding = 4; lastKnownFileType = sourcecode.swift; path = CaptureSessionVC.swift; sourceTree = "<group>"; };
		113BF91B1D76B0EC00F0475B /* CameraCaptureViewModel.swift */ = {isa = PBXFileReference; fileEncoding = 4; lastKnownFileType = sourcecode.swift; path = CameraCaptureViewModel.swift; sourceTree = "<group>"; };
		113BF91D1D76E4EA00F0475B /* SBMediaAlbumsVC.swift */ = {isa = PBXFileReference; fileEncoding = 4; lastKnownFileType = sourcecode.swift; name = SBMediaAlbumsVC.swift; path = ViewControllers/SBMediaAlbumsVC.swift; sourceTree = "<group>"; };
		113BF9201D7701CF00F0475B /* FilterCollectionViewCell.swift */ = {isa = PBXFileReference; fileEncoding = 4; lastKnownFileType = sourcecode.swift; path = FilterCollectionViewCell.swift; sourceTree = "<group>"; };
		113BF9241D77047900F0475B /* GaleryCollectionViewController.swift */ = {isa = PBXFileReference; fileEncoding = 4; lastKnownFileType = sourcecode.swift; path = GaleryCollectionViewController.swift; sourceTree = "<group>"; };
		113BF9261D7704EF00F0475B /* GaleryCollectionViewCell.swift */ = {isa = PBXFileReference; fileEncoding = 4; lastKnownFileType = sourcecode.swift; path = GaleryCollectionViewCell.swift; sourceTree = "<group>"; };
		113BF9281D7706D800F0475B /* GaleryCollectionViewModel.swift */ = {isa = PBXFileReference; fileEncoding = 4; lastKnownFileType = sourcecode.swift; path = GaleryCollectionViewModel.swift; sourceTree = "<group>"; };
		1150B9121D94264E00320E2B /* FilterPipeline.swift */ = {isa = PBXFileReference; fileEncoding = 4; lastKnownFileType = sourcecode.swift; path = FilterPipeline.swift; sourceTree = "<group>"; };
		119306401D86B61100EFFA7F /* Filters.swift */ = {isa = PBXFileReference; fileEncoding = 4; lastKnownFileType = sourcecode.swift; name = Filters.swift; path = ../Filters.swift; sourceTree = "<group>"; };
		11948D411DE36C2200394E99 /* VideoRecorder.swift */ = {isa = PBXFileReference; fileEncoding = 4; lastKnownFileType = sourcecode.swift; path = VideoRecorder.swift; sourceTree = "<group>"; };
		11B043E61D780C3700C2FCE0 /* FilterViewController.swift */ = {isa = PBXFileReference; fileEncoding = 4; lastKnownFileType = sourcecode.swift; path = FilterViewController.swift; sourceTree = "<group>"; };
		11B043E81D78148E00C2FCE0 /* PreviewVideoViewController.swift */ = {isa = PBXFileReference; fileEncoding = 4; lastKnownFileType = sourcecode.swift; path = PreviewVideoViewController.swift; sourceTree = "<group>"; };
		11B043EA1D782EB700C2FCE0 /* HomeTableViewCell.swift */ = {isa = PBXFileReference; fileEncoding = 4; lastKnownFileType = sourcecode.swift; path = HomeTableViewCell.swift; sourceTree = "<group>"; };
		11B043EC1D782EE800C2FCE0 /* HomeViewController.swift */ = {isa = PBXFileReference; fileEncoding = 4; lastKnownFileType = sourcecode.swift; path = HomeViewController.swift; sourceTree = "<group>"; };
		11B043EE1D782EF700C2FCE0 /* HomeViewModel.swift */ = {isa = PBXFileReference; fileEncoding = 4; lastKnownFileType = sourcecode.swift; path = HomeViewModel.swift; sourceTree = "<group>"; };
		11B043F01D782F0400C2FCE0 /* PreviewViewModel.swift */ = {isa = PBXFileReference; fileEncoding = 4; lastKnownFileType = sourcecode.swift; path = PreviewViewModel.swift; sourceTree = "<group>"; };
		11B043F21D783AE600C2FCE0 /* Async.swift */ = {isa = PBXFileReference; fileEncoding = 4; lastKnownFileType = sourcecode.swift; path = Async.swift; sourceTree = "<group>"; };
		11E85ED61DEEFEF000712476 /* CustomCIFilters.swift */ = {isa = PBXFileReference; fileEncoding = 4; lastKnownFileType = sourcecode.swift; path = CustomCIFilters.swift; sourceTree = "<group>"; };
		11E85ED91DEFFC6C00712476 /* CoreMedia.framework */ = {isa = PBXFileReference; lastKnownFileType = wrapper.framework; name = CoreMedia.framework; path = System/Library/Frameworks/CoreMedia.framework; sourceTree = SDKROOT; };
		11E85EDB1DEFFC7200712476 /* CoreVideo.framework */ = {isa = PBXFileReference; lastKnownFileType = wrapper.framework; name = CoreVideo.framework; path = System/Library/Frameworks/CoreVideo.framework; sourceTree = SDKROOT; };
		11E85EDD1DEFFC8400712476 /* CoreMotion.framework */ = {isa = PBXFileReference; lastKnownFileType = wrapper.framework; name = CoreMotion.framework; path = System/Library/Frameworks/CoreMotion.framework; sourceTree = SDKROOT; };
		11E85EDF1DEFFC8B00712476 /* CoreGraphics.framework */ = {isa = PBXFileReference; lastKnownFileType = wrapper.framework; name = CoreGraphics.framework; path = System/Library/Frameworks/CoreGraphics.framework; sourceTree = SDKROOT; };
		11E85EE11DEFFCA100712476 /* OpenGLES.framework */ = {isa = PBXFileReference; lastKnownFileType = wrapper.framework; name = OpenGLES.framework; path = System/Library/Frameworks/OpenGLES.framework; sourceTree = SDKROOT; };
/* End PBXFileReference section */

/* Begin PBXFrameworksBuildPhase section */
		113BF8FD1D75CE6D00F0475B /* Frameworks */ = {
			isa = PBXFrameworksBuildPhase;
			buildActionMask = 2147483647;
			files = (
				11E85EE21DEFFCA100712476 /* OpenGLES.framework in Frameworks */,
				11E85EE01DEFFC8B00712476 /* CoreGraphics.framework in Frameworks */,
				11E85EDE1DEFFC8400712476 /* CoreMotion.framework in Frameworks */,
				11E85EDC1DEFFC7200712476 /* CoreVideo.framework in Frameworks */,
				11E85EDA1DEFFC6C00712476 /* CoreMedia.framework in Frameworks */,
				110EB7EF1D8D12A90098440C /* GLKit.framework in Frameworks */,
				113BF9161D75CE8100F0475B /* AVFoundation.framework in Frameworks */,
			);
			runOnlyForDeploymentPostprocessing = 0;
		};
/* End PBXFrameworksBuildPhase section */

/* Begin PBXGroup section */
		110EB7E91D8C29040098440C /* Helpers */ = {
			isa = PBXGroup;
			children = (
				110EB7EA1D8C2DD10098440C /* VideoCreator.swift */,
				110EB7F01D8D160A0098440C /* VideoBufferHandler.swift */,
				110EB7EC1D8D127E0098440C /* CoreImageView.swift */,
				119306401D86B61100EFFA7F /* Filters.swift */,
				11E85ED61DEEFEF000712476 /* CustomCIFilters.swift */,
				1150B9121D94264E00320E2B /* FilterPipeline.swift */,
				112C2C0C1DE2D61200AFA87C /* FilterRenderer.swift */,
				11948D401DE36C0400394E99 /* NewImplementation */,
			);
			path = Helpers;
			sourceTree = "<group>";
		};
		113BF8F71D75CE6D00F0475B = {
			isa = PBXGroup;
			children = (
				113BF9021D75CE6D00F0475B /* FilterCam */,
				113BF9011D75CE6D00F0475B /* Products */,
				11E85ED81DEFFC6C00712476 /* Frameworks */,
			);
			sourceTree = "<group>";
		};
		113BF9011D75CE6D00F0475B /* Products */ = {
			isa = PBXGroup;
			children = (
				113BF9001D75CE6D00F0475B /* FilterCam.app */,
			);
			name = Products;
			sourceTree = "<group>";
		};
		113BF9021D75CE6D00F0475B /* FilterCam */ = {
			isa = PBXGroup;
			children = (
				113BF9171D76AAFF00F0475B /* CaptureSessionVC.swift */,
				113BF91D1D76E4EA00F0475B /* SBMediaAlbumsVC.swift */,
				11B043F21D783AE600C2FCE0 /* Async.swift */,
				110EB7E91D8C29040098440C /* Helpers */,
				113BF91A1D76B09B00F0475B /* ViewControllers */,
				113BF9191D76B09300F0475B /* TableViewCells */,
				113BF91F1D7701B600F0475B /* CollectionViewCells */,
				113BF9031D75CE6D00F0475B /* AppDelegate.swift */,
				112F85E01D7723CC007C8298 /* PermissionManager.swift */,
				113BF9071D75CE6D00F0475B /* Main.storyboard */,
				113BF90A1D75CE6D00F0475B /* Assets.xcassets */,
				113BF90C1D75CE6D00F0475B /* LaunchScreen.storyboard */,
				113BF90F1D75CE6D00F0475B /* Info.plist */,
			);
			path = FilterCam;
			sourceTree = "<group>";
		};
		113BF9191D76B09300F0475B /* TableViewCells */ = {
			isa = PBXGroup;
			children = (
				112F85E41D7737FE007C8298 /* SettingsTableViewCell.swift */,
				11B043EA1D782EB700C2FCE0 /* HomeTableViewCell.swift */,
			);
			path = TableViewCells;
			sourceTree = "<group>";
		};
		113BF91A1D76B09B00F0475B /* ViewControllers */ = {
			isa = PBXGroup;
			children = (
				11B043EC1D782EE800C2FCE0 /* HomeViewController.swift */,
				11B043EE1D782EF700C2FCE0 /* HomeViewModel.swift */,
				113BF9051D75CE6D00F0475B /* CameraCaptureViewController.swift */,
				113BF91B1D76B0EC00F0475B /* CameraCaptureViewModel.swift */,
				113BF9241D77047900F0475B /* GaleryCollectionViewController.swift */,
				113BF9281D7706D800F0475B /* GaleryCollectionViewModel.swift */,
				112F85DC1D7721F7007C8298 /* VideoPreviewViewController.swift */,
				112F85DE1D772204007C8298 /* VideoPreviewViewModel.swift */,
				112F85E21D7737CF007C8298 /* SettingsViewController.swift */,
				112F85E61D7738A0007C8298 /* SettingsViewModel.swift */,
				11B043E61D780C3700C2FCE0 /* FilterViewController.swift */,
				11B043E81D78148E00C2FCE0 /* PreviewVideoViewController.swift */,
				11B043F01D782F0400C2FCE0 /* PreviewViewModel.swift */,
			);
			path = ViewControllers;
			sourceTree = "<group>";
		};
		113BF91F1D7701B600F0475B /* CollectionViewCells */ = {
			isa = PBXGroup;
			children = (
				113BF9201D7701CF00F0475B /* FilterCollectionViewCell.swift */,
				113BF9261D7704EF00F0475B /* GaleryCollectionViewCell.swift */,
			);
			path = CollectionViewCells;
			sourceTree = "<group>";
		};
		11948D401DE36C0400394E99 /* NewImplementation */ = {
			isa = PBXGroup;
			children = (
				11948D411DE36C2200394E99 /* VideoRecorder.swift */,
			);
			name = NewImplementation;
			sourceTree = "<group>";
		};
		11E85ED81DEFFC6C00712476 /* Frameworks */ = {
			isa = PBXGroup;
			children = (
				110EB7EE1D8D12A90098440C /* GLKit.framework */,
				113BF9151D75CE8100F0475B /* AVFoundation.framework */,
				11E85EE11DEFFCA100712476 /* OpenGLES.framework */,
				11E85EDF1DEFFC8B00712476 /* CoreGraphics.framework */,
				11E85EDD1DEFFC8400712476 /* CoreMotion.framework */,
				11E85EDB1DEFFC7200712476 /* CoreVideo.framework */,
				11E85ED91DEFFC6C00712476 /* CoreMedia.framework */,
			);
			name = Frameworks;
			sourceTree = "<group>";
		};
/* End PBXGroup section */

/* Begin PBXNativeTarget section */
		113BF8FF1D75CE6D00F0475B /* FilterCam */ = {
			isa = PBXNativeTarget;
			buildConfigurationList = 113BF9121D75CE6D00F0475B /* Build configuration list for PBXNativeTarget "FilterCam" */;
			buildPhases = (
				113BF8FC1D75CE6D00F0475B /* Sources */,
				113BF8FD1D75CE6D00F0475B /* Frameworks */,
				113BF8FE1D75CE6D00F0475B /* Resources */,
			);
			buildRules = (
			);
			dependencies = (
			);
			name = FilterCam;
			productName = FilterCam;
			productReference = 113BF9001D75CE6D00F0475B /* FilterCam.app */;
			productType = "com.apple.product-type.application";
		};
/* End PBXNativeTarget section */

/* Begin PBXProject section */
		113BF8F81D75CE6D00F0475B /* Project object */ = {
			isa = PBXProject;
			attributes = {
				LastSwiftUpdateCheck = 0730;
				LastUpgradeCheck = 0730;
				ORGANIZATIONNAME = YML;
				TargetAttributes = {
					113BF8FF1D75CE6D00F0475B = {
						CreatedOnToolsVersion = 7.3;
						DevelopmentTeam = 849UP4BSN8;
						LastSwiftMigration = 0800;
					};
				};
			};
			buildConfigurationList = 113BF8FB1D75CE6D00F0475B /* Build configuration list for PBXProject "FilterCam" */;
			compatibilityVersion = "Xcode 3.2";
			developmentRegion = English;
			hasScannedForEncodings = 0;
			knownRegions = (
				en,
				Base,
			);
			mainGroup = 113BF8F71D75CE6D00F0475B;
			productRefGroup = 113BF9011D75CE6D00F0475B /* Products */;
			projectDirPath = "";
			projectRoot = "";
			targets = (
				113BF8FF1D75CE6D00F0475B /* FilterCam */,
			);
		};
/* End PBXProject section */

/* Begin PBXResourcesBuildPhase section */
		113BF8FE1D75CE6D00F0475B /* Resources */ = {
			isa = PBXResourcesBuildPhase;
			buildActionMask = 2147483647;
			files = (
				113BF90E1D75CE6D00F0475B /* LaunchScreen.storyboard in Resources */,
				113BF90B1D75CE6D00F0475B /* Assets.xcassets in Resources */,
				113BF9091D75CE6D00F0475B /* Main.storyboard in Resources */,
			);
			runOnlyForDeploymentPostprocessing = 0;
		};
/* End PBXResourcesBuildPhase section */

/* Begin PBXSourcesBuildPhase section */
		113BF8FC1D75CE6D00F0475B /* Sources */ = {
			isa = PBXSourcesBuildPhase;
			buildActionMask = 2147483647;
			files = (
				112F85DD1D7721F7007C8298 /* VideoPreviewViewController.swift in Sources */,
				113BF91C1D76B0EC00F0475B /* CameraCaptureViewModel.swift in Sources */,
				11B043F31D783AE600C2FCE0 /* Async.swift in Sources */,
				11B043ED1D782EE800C2FCE0 /* HomeViewController.swift in Sources */,
				110EB7EB1D8C2DD10098440C /* VideoCreator.swift in Sources */,
				110EB7ED1D8D127E0098440C /* CoreImageView.swift in Sources */,
				11B043EF1D782EF700C2FCE0 /* HomeViewModel.swift in Sources */,
				112F85E11D7723CC007C8298 /* PermissionManager.swift in Sources */,
				11E85ED71DEEFEF000712476 /* CustomCIFilters.swift in Sources */,
				113BF9061D75CE6D00F0475B /* CameraCaptureViewController.swift in Sources */,
				112F85E51D7737FE007C8298 /* SettingsTableViewCell.swift in Sources */,
				112F85DF1D772204007C8298 /* VideoPreviewViewModel.swift in Sources */,
				11B043EB1D782EB700C2FCE0 /* HomeTableViewCell.swift in Sources */,
				119306411D86B61100EFFA7F /* Filters.swift in Sources */,
				113BF91E1D76E4EA00F0475B /* SBMediaAlbumsVC.swift in Sources */,
				1150B9131D94264E00320E2B /* FilterPipeline.swift in Sources */,
				113BF9181D76AAFF00F0475B /* CaptureSessionVC.swift in Sources */,
				113BF9271D7704EF00F0475B /* GaleryCollectionViewCell.swift in Sources */,
				11B043F11D782F0400C2FCE0 /* PreviewViewModel.swift in Sources */,
				113BF9211D7701CF00F0475B /* FilterCollectionViewCell.swift in Sources */,
				11B043E71D780C3700C2FCE0 /* FilterViewController.swift in Sources */,
				11948D421DE36C2200394E99 /* VideoRecorder.swift in Sources */,
				113BF9251D77047900F0475B /* GaleryCollectionViewController.swift in Sources */,
				11B043E91D78148E00C2FCE0 /* PreviewVideoViewController.swift in Sources */,
				112F85E71D7738A0007C8298 /* SettingsViewModel.swift in Sources */,
				110EB7F11D8D160A0098440C /* VideoBufferHandler.swift in Sources */,
				112C2C0D1DE2D61200AFA87C /* FilterRenderer.swift in Sources */,
				112F85E31D7737CF007C8298 /* SettingsViewController.swift in Sources */,
				113BF9291D7706D800F0475B /* GaleryCollectionViewModel.swift in Sources */,
				113BF9041D75CE6D00F0475B /* AppDelegate.swift in Sources */,
			);
			runOnlyForDeploymentPostprocessing = 0;
		};
/* End PBXSourcesBuildPhase section */

/* Begin PBXVariantGroup section */
		113BF9071D75CE6D00F0475B /* Main.storyboard */ = {
			isa = PBXVariantGroup;
			children = (
				113BF9081D75CE6D00F0475B /* Base */,
			);
			name = Main.storyboard;
			sourceTree = "<group>";
		};
		113BF90C1D75CE6D00F0475B /* LaunchScreen.storyboard */ = {
			isa = PBXVariantGroup;
			children = (
				113BF90D1D75CE6D00F0475B /* Base */,
			);
			name = LaunchScreen.storyboard;
			sourceTree = "<group>";
		};
/* End PBXVariantGroup section */

/* Begin XCBuildConfiguration section */
		113BF9101D75CE6D00F0475B /* Debug */ = {
			isa = XCBuildConfiguration;
			buildSettings = {
				ALWAYS_SEARCH_USER_PATHS = NO;
				CLANG_ANALYZER_NONNULL = YES;
				CLANG_CXX_LANGUAGE_STANDARD = "gnu++0x";
				CLANG_CXX_LIBRARY = "libc++";
				CLANG_ENABLE_MODULES = YES;
				CLANG_ENABLE_OBJC_ARC = YES;
				CLANG_WARN_BOOL_CONVERSION = YES;
				CLANG_WARN_CONSTANT_CONVERSION = YES;
				CLANG_WARN_DIRECT_OBJC_ISA_USAGE = YES_ERROR;
				CLANG_WARN_EMPTY_BODY = YES;
				CLANG_WARN_ENUM_CONVERSION = YES;
				CLANG_WARN_INT_CONVERSION = YES;
				CLANG_WARN_OBJC_ROOT_CLASS = YES_ERROR;
				CLANG_WARN_UNREACHABLE_CODE = YES;
				CLANG_WARN__DUPLICATE_METHOD_MATCH = YES;
				"CODE_SIGN_IDENTITY[sdk=iphoneos*]" = "iPhone Developer";
				COPY_PHASE_STRIP = NO;
				DEBUG_INFORMATION_FORMAT = dwarf;
				ENABLE_STRICT_OBJC_MSGSEND = YES;
				ENABLE_TESTABILITY = YES;
				GCC_C_LANGUAGE_STANDARD = gnu99;
				GCC_DYNAMIC_NO_PIC = NO;
				GCC_NO_COMMON_BLOCKS = YES;
				GCC_OPTIMIZATION_LEVEL = 0;
				GCC_PREPROCESSOR_DEFINITIONS = (
					"DEBUG=1",
					"$(inherited)",
				);
				GCC_WARN_64_TO_32_BIT_CONVERSION = YES;
				GCC_WARN_ABOUT_RETURN_TYPE = YES_ERROR;
				GCC_WARN_UNDECLARED_SELECTOR = YES;
				GCC_WARN_UNINITIALIZED_AUTOS = YES_AGGRESSIVE;
				GCC_WARN_UNUSED_FUNCTION = YES;
				GCC_WARN_UNUSED_VARIABLE = YES;
				IPHONEOS_DEPLOYMENT_TARGET = 9.3;
				MTL_ENABLE_DEBUG_INFO = YES;
				ONLY_ACTIVE_ARCH = YES;
				SDKROOT = iphoneos;
				SWIFT_OPTIMIZATION_LEVEL = "-Onone";
				TARGETED_DEVICE_FAMILY = "1,2";
			};
			name = Debug;
		};
		113BF9111D75CE6D00F0475B /* Release */ = {
			isa = XCBuildConfiguration;
			buildSettings = {
				ALWAYS_SEARCH_USER_PATHS = NO;
				CLANG_ANALYZER_NONNULL = YES;
				CLANG_CXX_LANGUAGE_STANDARD = "gnu++0x";
				CLANG_CXX_LIBRARY = "libc++";
				CLANG_ENABLE_MODULES = YES;
				CLANG_ENABLE_OBJC_ARC = YES;
				CLANG_WARN_BOOL_CONVERSION = YES;
				CLANG_WARN_CONSTANT_CONVERSION = YES;
				CLANG_WARN_DIRECT_OBJC_ISA_USAGE = YES_ERROR;
				CLANG_WARN_EMPTY_BODY = YES;
				CLANG_WARN_ENUM_CONVERSION = YES;
				CLANG_WARN_INT_CONVERSION = YES;
				CLANG_WARN_OBJC_ROOT_CLASS = YES_ERROR;
				CLANG_WARN_UNREACHABLE_CODE = YES;
				CLANG_WARN__DUPLICATE_METHOD_MATCH = YES;
				"CODE_SIGN_IDENTITY[sdk=iphoneos*]" = "iPhone Developer";
				COPY_PHASE_STRIP = NO;
				DEBUG_INFORMATION_FORMAT = "dwarf-with-dsym";
				ENABLE_NS_ASSERTIONS = NO;
				ENABLE_STRICT_OBJC_MSGSEND = YES;
				GCC_C_LANGUAGE_STANDARD = gnu99;
				GCC_NO_COMMON_BLOCKS = YES;
				GCC_WARN_64_TO_32_BIT_CONVERSION = YES;
				GCC_WARN_ABOUT_RETURN_TYPE = YES_ERROR;
				GCC_WARN_UNDECLARED_SELECTOR = YES;
				GCC_WARN_UNINITIALIZED_AUTOS = YES_AGGRESSIVE;
				GCC_WARN_UNUSED_FUNCTION = YES;
				GCC_WARN_UNUSED_VARIABLE = YES;
				IPHONEOS_DEPLOYMENT_TARGET = 9.3;
				MTL_ENABLE_DEBUG_INFO = NO;
				SDKROOT = iphoneos;
				TARGETED_DEVICE_FAMILY = "1,2";
				VALIDATE_PRODUCT = YES;
			};
			name = Release;
		};
		113BF9131D75CE6D00F0475B /* Debug */ = {
			isa = XCBuildConfiguration;
			buildSettings = {
				ASSETCATALOG_COMPILER_APPICON_NAME = AppIcon;
				CODE_SIGN_IDENTITY = "iPhone Developer: Jnanesh Nayak (QQ4E7JP8E3)";
				DEVELOPMENT_TEAM = 849UP4BSN8;
				INFOPLIST_FILE = FilterCam/Info.plist;
				IPHONEOS_DEPLOYMENT_TARGET = 8.1;
				LD_RUNPATH_SEARCH_PATHS = "$(inherited) @executable_path/Frameworks";
				PRODUCT_BUNDLE_IDENTIFIER = YML0158.FilterCam;
				PRODUCT_NAME = "$(TARGET_NAME)";
				PROVISIONING_PROFILE = "a3186dd9-5589-4db6-850b-0c86cfd2c047";
				PROVISIONING_PROFILE_SPECIFIER = "IndiaDev*";
				SWIFT_VERSION = 3.0;
			};
			name = Debug;
		};
		113BF9141D75CE6D00F0475B /* Release */ = {
			isa = XCBuildConfiguration;
			buildSettings = {
				ASSETCATALOG_COMPILER_APPICON_NAME = AppIcon;
				CODE_SIGN_IDENTITY = "iPhone Developer: Jnanesh Nayak (QQ4E7JP8E3)";
				DEVELOPMENT_TEAM = 849UP4BSN8;
				INFOPLIST_FILE = FilterCam/Info.plist;
				IPHONEOS_DEPLOYMENT_TARGET = 8.1;
				LD_RUNPATH_SEARCH_PATHS = "$(inherited) @executable_path/Frameworks";
				PRODUCT_BUNDLE_IDENTIFIER = YML0158.FilterCam;
				PRODUCT_NAME = "$(TARGET_NAME)";
				PROVISIONING_PROFILE = "a3186dd9-5589-4db6-850b-0c86cfd2c047";
				PROVISIONING_PROFILE_SPECIFIER = "IndiaDev*";
				SWIFT_VERSION = 3.0;
			};
			name = Release;
		};
/* End XCBuildConfiguration section */

/* Begin XCConfigurationList section */
		113BF8FB1D75CE6D00F0475B /* Build configuration list for PBXProject "FilterCam" */ = {
			isa = XCConfigurationList;
			buildConfigurations = (
				113BF9101D75CE6D00F0475B /* Debug */,
				113BF9111D75CE6D00F0475B /* Release */,
			);
			defaultConfigurationIsVisible = 0;
			defaultConfigurationName = Release;
		};
		113BF9121D75CE6D00F0475B /* Build configuration list for PBXNativeTarget "FilterCam" */ = {
			isa = XCConfigurationList;
			buildConfigurations = (
				113BF9131D75CE6D00F0475B /* Debug */,
				113BF9141D75CE6D00F0475B /* Release */,
			);
			defaultConfigurationIsVisible = 0;
			defaultConfigurationName = Release;
		};
/* End XCConfigurationList section */
	};
	rootObject = 113BF8F81D75CE6D00F0475B /* Project object */;
}
